
Microsoft Visual Studio Solution File, Format Version 12.00
# Visual Studio Version 16
VisualStudioVersion = 16.0.30011.22
MinimumVisualStudioVersion = 10.0.40219.1
Project("{FAE04EC0-301F-11D3-BF4B-00C04F79EFBC}") = "quanlysinhvien", "quanlysinhvien.csproj", "{E23DC02A-8CD1-4415-AF89-37CF90674FF8}"
EndProject
Global
	GlobalSection(SolutionConfigurationPlatforms) = preSolution
		Debug|Any CPU = Debug|Any CPU
		Release|Any CPU = Release|Any CPU
	EndGlobalSection
	GlobalSection(ProjectConfigurationPlatforms) = postSolution
		{E23DC02A-8CD1-4415-AF89-37CF90674FF8}.Debug|Any CPU.ActiveCfg = Debug|Any CPU
		{E23DC02A-8CD1-4415-AF89-37CF90674FF8}.Debug|Any CPU.Build.0 = Debug|Any CPU
		{E23DC02A-8CD1-4415-AF89-37CF90674FF8}.Release|Any CPU.ActiveCfg = Release|Any CPU
		{E23DC02A-8CD1-4415-AF89-37CF90674FF8}.Release|Any CPU.Build.0 = Release|Any CPU
	EndGlobalSection
	GlobalSection(SolutionProperties) = preSolution
		HideSolutionNode = FALSE
	EndGlobalSection
	GlobalSection(ExtensibilityGlobals) = postSolution
		SolutionGuid = {CDBC8F89-017D-4097-A9A1-FC10345096F2}
	EndGlobalSection
EndGlobal
